// !$*UTF8*$!
{
	archiveVersion = 1;
	classes = {
	};
	objectVersion = 56;
	objects = {

/* Begin PBXBuildFile section */
		52A5EF3228E1D11C00B1ADAE /* test2.gif in Resources */ = {isa = PBXBuildFile; fileRef = 52C69B9B28DF2CFC0081931A /* test2.gif */; };
		52C69B7728DF16590081931A /* Lockscreen_widgetsApp.swift in Sources */ = {isa = PBXBuildFile; fileRef = 52C69B7628DF16590081931A /* Lockscreen_widgetsApp.swift */; };
		52C69B7928DF16590081931A /* ContentView.swift in Sources */ = {isa = PBXBuildFile; fileRef = 52C69B7828DF16590081931A /* ContentView.swift */; };
		52C69B7B28DF165B0081931A /* Assets.xcassets in Resources */ = {isa = PBXBuildFile; fileRef = 52C69B7A28DF165B0081931A /* Assets.xcassets */; };
		52C69B7E28DF165B0081931A /* Preview Assets.xcassets in Resources */ = {isa = PBXBuildFile; fileRef = 52C69B7D28DF165B0081931A /* Preview Assets.xcassets */; };
		52C69B8B28DF16AD0081931A /* WidgetKit.framework in Frameworks */ = {isa = PBXBuildFile; fileRef = 52C69B8A28DF16AD0081931A /* WidgetKit.framework */; };
		52C69B8D28DF16AD0081931A /* SwiftUI.framework in Frameworks */ = {isa = PBXBuildFile; fileRef = 52C69B8C28DF16AD0081931A /* SwiftUI.framework */; };
		52C69B9028DF16AD0081931A /* Lockscreen_Widgets.swift in Sources */ = {isa = PBXBuildFile; fileRef = 52C69B8F28DF16AD0081931A /* Lockscreen_Widgets.swift */; };
		52C69B9228DF16AF0081931A /* Assets.xcassets in Resources */ = {isa = PBXBuildFile; fileRef = 52C69B9128DF16AF0081931A /* Assets.xcassets */; };
		52C69B9628DF16AF0081931A /* Lockscreen WidgetsExtension.appex in Embed Foundation Extensions */ = {isa = PBXBuildFile; fileRef = 52C69B8828DF16AD0081931A /* Lockscreen WidgetsExtension.appex */; settings = {ATTRIBUTES = (RemoveHeadersOnCopy, ); }; };
		52C69B9C28DF2CFC0081931A /* test2.gif in Resources */ = {isa = PBXBuildFile; fileRef = 52C69B9B28DF2CFC0081931A /* test2.gif */; };
/* End PBXBuildFile section */

/* Begin PBXContainerItemProxy section */
		52C69B9428DF16AF0081931A /* PBXContainerItemProxy */ = {
			isa = PBXContainerItemProxy;
			containerPortal = 52C69B6B28DF16590081931A /* Project object */;
			proxyType = 1;
			remoteGlobalIDString = 52C69B8728DF16AD0081931A;
			remoteInfo = "Lockscreen WidgetsExtension";
		};
/* End PBXContainerItemProxy section */

/* Begin PBXCopyFilesBuildPhase section */
		52C69B9A28DF16AF0081931A /* Embed Foundation Extensions */ = {
			isa = PBXCopyFilesBuildPhase;
			buildActionMask = 2147483647;
			dstPath = "";
			dstSubfolderSpec = 13;
			files = (
				52C69B9628DF16AF0081931A /* Lockscreen WidgetsExtension.appex in Embed Foundation Extensions */,
			);
			name = "Embed Foundation Extensions";
			runOnlyForDeploymentPostprocessing = 0;
		};
/* End PBXCopyFilesBuildPhase section */

/* Begin PBXFileReference section */
		52A0A0D228E32D70002EEE12 /* Lockscreen-widgets-Info.plist */ = {isa = PBXFileReference; lastKnownFileType = text.plist; path = "Lockscreen-widgets-Info.plist"; sourceTree = SOURCE_ROOT; };
		52C69B7328DF16590081931A /* Lockscreen widgets.app */ = {isa = PBXFileReference; explicitFileType = wrapper.application; includeInIndex = 0; path = "Lockscreen widgets.app"; sourceTree = BUILT_PRODUCTS_DIR; };
		52C69B7628DF16590081931A /* Lockscreen_widgetsApp.swift */ = {isa = PBXFileReference; lastKnownFileType = sourcecode.swift; path = Lockscreen_widgetsApp.swift; sourceTree = "<group>"; };
		52C69B7828DF16590081931A /* ContentView.swift */ = {isa = PBXFileReference; lastKnownFileType = sourcecode.swift; path = ContentView.swift; sourceTree = "<group>"; };
		52C69B7A28DF165B0081931A /* Assets.xcassets */ = {isa = PBXFileReference; lastKnownFileType = folder.assetcatalog; path = Assets.xcassets; sourceTree = "<group>"; };
		52C69B7D28DF165B0081931A /* Preview Assets.xcassets */ = {isa = PBXFileReference; lastKnownFileType = folder.assetcatalog; path = "Preview Assets.xcassets"; sourceTree = "<group>"; };
		52C69B8828DF16AD0081931A /* Lockscreen WidgetsExtension.appex */ = {isa = PBXFileReference; explicitFileType = "wrapper.app-extension"; includeInIndex = 0; path = "Lockscreen WidgetsExtension.appex"; sourceTree = BUILT_PRODUCTS_DIR; };
		52C69B8A28DF16AD0081931A /* WidgetKit.framework */ = {isa = PBXFileReference; lastKnownFileType = wrapper.framework; name = WidgetKit.framework; path = System/Library/Frameworks/WidgetKit.framework; sourceTree = SDKROOT; };
		52C69B8C28DF16AD0081931A /* SwiftUI.framework */ = {isa = PBXFileReference; lastKnownFileType = wrapper.framework; name = SwiftUI.framework; path = System/Library/Frameworks/SwiftUI.framework; sourceTree = SDKROOT; };
		52C69B8F28DF16AD0081931A /* Lockscreen_Widgets.swift */ = {isa = PBXFileReference; lastKnownFileType = sourcecode.swift; path = Lockscreen_Widgets.swift; sourceTree = "<group>"; };
		52C69B9128DF16AF0081931A /* Assets.xcassets */ = {isa = PBXFileReference; lastKnownFileType = folder.assetcatalog; path = Assets.xcassets; sourceTree = "<group>"; };
		52C69B9328DF16AF0081931A /* Info.plist */ = {isa = PBXFileReference; lastKnownFileType = text.plist.xml; path = Info.plist; sourceTree = "<group>"; };
		52C69B9B28DF2CFC0081931A /* test2.gif */ = {isa = PBXFileReference; lastKnownFileType = image.gif; path = test2.gif; sourceTree = "<group>"; };
/* End PBXFileReference section */

/* Begin PBXFrameworksBuildPhase section */
		52C69B7028DF16590081931A /* Frameworks */ = {
			isa = PBXFrameworksBuildPhase;
			buildActionMask = 2147483647;
			files = (
			);
			runOnlyForDeploymentPostprocessing = 0;
		};
		52C69B8528DF16AD0081931A /* Frameworks */ = {
			isa = PBXFrameworksBuildPhase;
			buildActionMask = 2147483647;
			files = (
				52C69B8D28DF16AD0081931A /* SwiftUI.framework in Frameworks */,
				52C69B8B28DF16AD0081931A /* WidgetKit.framework in Frameworks */,
			);
			runOnlyForDeploymentPostprocessing = 0;
		};
/* End PBXFrameworksBuildPhase section */

/* Begin PBXGroup section */
		52C69B6A28DF16590081931A = {
			isa = PBXGroup;
			children = (
				52C69B7528DF16590081931A /* Lockscreen widgets */,
				52C69B8E28DF16AD0081931A /* Lockscreen Widgets */,
				52C69B8928DF16AD0081931A /* Frameworks */,
				52C69B7428DF16590081931A /* Products */,
			);
			sourceTree = "<group>";
		};
		52C69B7428DF16590081931A /* Products */ = {
			isa = PBXGroup;
			children = (
				52C69B7328DF16590081931A /* Lockscreen widgets.app */,
				52C69B8828DF16AD0081931A /* Lockscreen WidgetsExtension.appex */,
			);
			name = Products;
			sourceTree = "<group>";
		};
		52C69B7528DF16590081931A /* Lockscreen widgets */ = {
			isa = PBXGroup;
			children = (
				52A0A0D228E32D70002EEE12 /* Lockscreen-widgets-Info.plist */,
				52C69B7828DF16590081931A /* ContentView.swift */,
				52C69B7A28DF165B0081931A /* Assets.xcassets */,
				52C69B7C28DF165B0081931A /* Preview Content */,
			);
			path = "Lockscreen widgets";
			sourceTree = "<group>";
		};
		52C69B7C28DF165B0081931A /* Preview Content */ = {
			isa = PBXGroup;
			children = (
				52C69B9B28DF2CFC0081931A /* test2.gif */,
				52C69B7628DF16590081931A /* Lockscreen_widgetsApp.swift */,
				52C69B7D28DF165B0081931A /* Preview Assets.xcassets */,
			);
			path = "Preview Content";
			sourceTree = "<group>";
		};
		52C69B8928DF16AD0081931A /* Frameworks */ = {
			isa = PBXGroup;
			children = (
				52C69B8A28DF16AD0081931A /* WidgetKit.framework */,
				52C69B8C28DF16AD0081931A /* SwiftUI.framework */,
			);
			name = Frameworks;
			sourceTree = "<group>";
		};
		52C69B8E28DF16AD0081931A /* Lockscreen Widgets */ = {
			isa = PBXGroup;
			children = (
				52C69B8F28DF16AD0081931A /* Lockscreen_Widgets.swift */,
				52C69B9128DF16AF0081931A /* Assets.xcassets */,
				52C69B9328DF16AF0081931A /* Info.plist */,
			);
			path = "Lockscreen Widgets";
			sourceTree = "<group>";
		};
/* End PBXGroup section */

/* Begin PBXNativeTarget section */
		52C69B7228DF16590081931A /* Lockscreen widgets */ = {
			isa = PBXNativeTarget;
			buildConfigurationList = 52C69B8128DF165B0081931A /* Build configuration list for PBXNativeTarget "Lockscreen widgets" */;
			buildPhases = (
				52C69B6F28DF16590081931A /* Sources */,
				52C69B7028DF16590081931A /* Frameworks */,
				52C69B7128DF16590081931A /* Resources */,
				52C69B9A28DF16AF0081931A /* Embed Foundation Extensions */,
			);
			buildRules = (
			);
			dependencies = (
				52C69B9528DF16AF0081931A /* PBXTargetDependency */,
			);
			name = "Lockscreen widgets";
			packageProductDependencies = (
			);
			productName = "Lockscreen widgets";
			productReference = 52C69B7328DF16590081931A /* Lockscreen widgets.app */;
			productType = "com.apple.product-type.application";
		};
		52C69B8728DF16AD0081931A /* Lockscreen WidgetsExtension */ = {
			isa = PBXNativeTarget;
			buildConfigurationList = 52C69B9728DF16AF0081931A /* Build configuration list for PBXNativeTarget "Lockscreen WidgetsExtension" */;
			buildPhases = (
				52C69B8428DF16AD0081931A /* Sources */,
				52C69B8528DF16AD0081931A /* Frameworks */,
				52C69B8628DF16AD0081931A /* Resources */,
			);
			buildRules = (
			);
			dependencies = (
			);
			name = "Lockscreen WidgetsExtension";
			packageProductDependencies = (
			);
			productName = "Lockscreen WidgetsExtension";
			productReference = 52C69B8828DF16AD0081931A /* Lockscreen WidgetsExtension.appex */;
			productType = "com.apple.product-type.app-extension";
		};
/* End PBXNativeTarget section */

/* Begin PBXProject section */
		52C69B6B28DF16590081931A /* Project object */ = {
			isa = PBXProject;
			attributes = {
				BuildIndependentTargetsInParallel = 1;
				LastSwiftUpdateCheck = 1400;
				LastUpgradeCheck = 1400;
				TargetAttributes = {
					52C69B7228DF16590081931A = {
						CreatedOnToolsVersion = 14.0;
					};
					52C69B8728DF16AD0081931A = {
						CreatedOnToolsVersion = 14.0;
					};
				};
			};
			buildConfigurationList = 52C69B6E28DF16590081931A /* Build configuration list for PBXProject "Lockscreen widgets" */;
			compatibilityVersion = "Xcode 14.0";
			developmentRegion = en;
			hasScannedForEncodings = 0;
			knownRegions = (
				en,
				Base,
			);
			mainGroup = 52C69B6A28DF16590081931A;
			packageReferences = (
			);
			productRefGroup = 52C69B7428DF16590081931A /* Products */;
			projectDirPath = "";
			projectRoot = "";
			targets = (
				52C69B7228DF16590081931A /* Lockscreen widgets */,
				52C69B8728DF16AD0081931A /* Lockscreen WidgetsExtension */,
			);
		};
/* End PBXProject section */

/* Begin PBXResourcesBuildPhase section */
		52C69B7128DF16590081931A /* Resources */ = {
			isa = PBXResourcesBuildPhase;
			buildActionMask = 2147483647;
			files = (
				52C69B7E28DF165B0081931A /* Preview Assets.xcassets in Resources */,
				52C69B7B28DF165B0081931A /* Assets.xcassets in Resources */,
				52C69B9C28DF2CFC0081931A /* test2.gif in Resources */,
			);
			runOnlyForDeploymentPostprocessing = 0;
		};
		52C69B8628DF16AD0081931A /* Resources */ = {
			isa = PBXResourcesBuildPhase;
			buildActionMask = 2147483647;
			files = (
				52C69B9228DF16AF0081931A /* Assets.xcassets in Resources */,
				52A5EF3228E1D11C00B1ADAE /* test2.gif in Resources */,
			);
			runOnlyForDeploymentPostprocessing = 0;
		};
/* End PBXResourcesBuildPhase section */

/* Begin PBXSourcesBuildPhase section */
		52C69B6F28DF16590081931A /* Sources */ = {
			isa = PBXSourcesBuildPhase;
			buildActionMask = 2147483647;
			files = (
				52C69B7928DF16590081931A /* ContentView.swift in Sources */,
				52C69B7728DF16590081931A /* Lockscreen_widgetsApp.swift in Sources */,
			);
			runOnlyForDeploymentPostprocessing = 0;
		};
		52C69B8428DF16AD0081931A /* Sources */ = {
			isa = PBXSourcesBuildPhase;
			buildActionMask = 2147483647;
			files = (
				52C69B9028DF16AD0081931A /* Lockscreen_Widgets.swift in Sources */,
			);
			runOnlyForDeploymentPostprocessing = 0;
		};
/* End PBXSourcesBuildPhase section */

/* Begin PBXTargetDependency section */
		52C69B9528DF16AF0081931A /* PBXTargetDependency */ = {
			isa = PBXTargetDependency;
			target = 52C69B8728DF16AD0081931A /* Lockscreen WidgetsExtension */;
			targetProxy = 52C69B9428DF16AF0081931A /* PBXContainerItemProxy */;
		};
/* End PBXTargetDependency section */

/* Begin XCBuildConfiguration section */
		52C69B7F28DF165B0081931A /* Debug */ = {
			isa = XCBuildConfiguration;
			buildSettings = {
				ALWAYS_SEARCH_USER_PATHS = NO;
				CLANG_ANALYZER_NONNULL = YES;
				CLANG_ANALYZER_NUMBER_OBJECT_CONVERSION = YES_AGGRESSIVE;
				CLANG_CXX_LANGUAGE_STANDARD = "gnu++20";
				CLANG_ENABLE_MODULES = YES;
				CLANG_ENABLE_OBJC_ARC = YES;
				CLANG_ENABLE_OBJC_WEAK = YES;
				CLANG_WARN_BLOCK_CAPTURE_AUTORELEASING = YES;
				CLANG_WARN_BOOL_CONVERSION = YES;
				CLANG_WARN_COMMA = YES;
				CLANG_WARN_CONSTANT_CONVERSION = YES;
				CLANG_WARN_DEPRECATED_OBJC_IMPLEMENTATIONS = YES;
				CLANG_WARN_DIRECT_OBJC_ISA_USAGE = YES_ERROR;
				CLANG_WARN_DOCUMENTATION_COMMENTS = YES;
				CLANG_WARN_EMPTY_BODY = YES;
				CLANG_WARN_ENUM_CONVERSION = YES;
				CLANG_WARN_INFINITE_RECURSION = YES;
				CLANG_WARN_INT_CONVERSION = YES;
				CLANG_WARN_NON_LITERAL_NULL_CONVERSION = YES;
				CLANG_WARN_OBJC_IMPLICIT_RETAIN_SELF = YES;
				CLANG_WARN_OBJC_LITERAL_CONVERSION = YES;
				CLANG_WARN_OBJC_ROOT_CLASS = YES_ERROR;
				CLANG_WARN_QUOTED_INCLUDE_IN_FRAMEWORK_HEADER = YES;
				CLANG_WARN_RANGE_LOOP_ANALYSIS = YES;
				CLANG_WARN_STRICT_PROTOTYPES = YES;
				CLANG_WARN_SUSPICIOUS_MOVE = YES;
				CLANG_WARN_UNGUARDED_AVAILABILITY = YES_AGGRESSIVE;
				CLANG_WARN_UNREACHABLE_CODE = YES;
				CLANG_WARN__DUPLICATE_METHOD_MATCH = YES;
				COPY_PHASE_STRIP = NO;
				DEBUG_INFORMATION_FORMAT = dwarf;
				ENABLE_STRICT_OBJC_MSGSEND = YES;
				ENABLE_TESTABILITY = YES;
				GCC_C_LANGUAGE_STANDARD = gnu11;
				GCC_DYNAMIC_NO_PIC = NO;
				GCC_NO_COMMON_BLOCKS = YES;
				GCC_OPTIMIZATION_LEVEL = 0;
				GCC_PREPROCESSOR_DEFINITIONS = (
					"DEBUG=1",
					"$(inherited)",
				);
				GCC_WARN_64_TO_32_BIT_CONVERSION = YES;
				GCC_WARN_ABOUT_RETURN_TYPE = YES_ERROR;
				GCC_WARN_UNDECLARED_SELECTOR = YES;
				GCC_WARN_UNINITIALIZED_AUTOS = YES_AGGRESSIVE;
				GCC_WARN_UNUSED_FUNCTION = YES;
				GCC_WARN_UNUSED_VARIABLE = YES;
				IPHONEOS_DEPLOYMENT_TARGET = 16.0;
				MTL_ENABLE_DEBUG_INFO = INCLUDE_SOURCE;
				MTL_FAST_MATH = YES;
				ONLY_ACTIVE_ARCH = YES;
				SDKROOT = iphoneos;
				SWIFT_ACTIVE_COMPILATION_CONDITIONS = DEBUG;
				SWIFT_OPTIMIZATION_LEVEL = "-Onone";
			};
			name = Debug;
		};
		52C69B8028DF165B0081931A /* Release */ = {
			isa = XCBuildConfiguration;
			buildSettings = {
				ALWAYS_SEARCH_USER_PATHS = NO;
				CLANG_ANALYZER_NONNULL = YES;
				CLANG_ANALYZER_NUMBER_OBJECT_CONVERSION = YES_AGGRESSIVE;
				CLANG_CXX_LANGUAGE_STANDARD = "gnu++20";
				CLANG_ENABLE_MODULES = YES;
				CLANG_ENABLE_OBJC_ARC = YES;
				CLANG_ENABLE_OBJC_WEAK = YES;
				CLANG_WARN_BLOCK_CAPTURE_AUTORELEASING = YES;
				CLANG_WARN_BOOL_CONVERSION = YES;
				CLANG_WARN_COMMA = YES;
				CLANG_WARN_CONSTANT_CONVERSION = YES;
				CLANG_WARN_DEPRECATED_OBJC_IMPLEMENTATIONS = YES;
				CLANG_WARN_DIRECT_OBJC_ISA_USAGE = YES_ERROR;
				CLANG_WARN_DOCUMENTATION_COMMENTS = YES;
				CLANG_WARN_EMPTY_BODY = YES;
				CLANG_WARN_ENUM_CONVERSION = YES;
				CLANG_WARN_INFINITE_RECURSION = YES;
				CLANG_WARN_INT_CONVERSION = YES;
				CLANG_WARN_NON_LITERAL_NULL_CONVERSION = YES;
				CLANG_WARN_OBJC_IMPLICIT_RETAIN_SELF = YES;
				CLANG_WARN_OBJC_LITERAL_CONVERSION = YES;
				CLANG_WARN_OBJC_ROOT_CLASS = YES_ERROR;
				CLANG_WARN_QUOTED_INCLUDE_IN_FRAMEWORK_HEADER = YES;
				CLANG_WARN_RANGE_LOOP_ANALYSIS = YES;
				CLANG_WARN_STRICT_PROTOTYPES = YES;
				CLANG_WARN_SUSPICIOUS_MOVE = YES;
				CLANG_WARN_UNGUARDED_AVAILABILITY = YES_AGGRESSIVE;
				CLANG_WARN_UNREACHABLE_CODE = YES;
				CLANG_WARN__DUPLICATE_METHOD_MATCH = YES;
				COPY_PHASE_STRIP = NO;
				DEBUG_INFORMATION_FORMAT = "dwarf-with-dsym";
				ENABLE_NS_ASSERTIONS = NO;
				ENABLE_STRICT_OBJC_MSGSEND = YES;
				GCC_C_LANGUAGE_STANDARD = gnu11;
				GCC_NO_COMMON_BLOCKS = YES;
				GCC_WARN_64_TO_32_BIT_CONVERSION = YES;
				GCC_WARN_ABOUT_RETURN_TYPE = YES_ERROR;
				GCC_WARN_UNDECLARED_SELECTOR = YES;
				GCC_WARN_UNINITIALIZED_AUTOS = YES_AGGRESSIVE;
				GCC_WARN_UNUSED_FUNCTION = YES;
				GCC_WARN_UNUSED_VARIABLE = YES;
				IPHONEOS_DEPLOYMENT_TARGET = 16.0;
				MTL_ENABLE_DEBUG_INFO = NO;
				MTL_FAST_MATH = YES;
				SDKROOT = iphoneos;
				SWIFT_COMPILATION_MODE = wholemodule;
				SWIFT_OPTIMIZATION_LEVEL = "-O";
				VALIDATE_PRODUCT = YES;
			};
			name = Release;
		};
		52C69B8228DF165B0081931A /* Debug */ = {
			isa = XCBuildConfiguration;
			buildSettings = {
				ALWAYS_EMBED_SWIFT_STANDARD_LIBRARIES = YES;
				ASSETCATALOG_COMPILER_APPICON_NAME = AppIcon;
				ASSETCATALOG_COMPILER_GLOBAL_ACCENT_COLOR_NAME = AccentColor;
				"CODE_SIGN_IDENTITY[sdk=iphoneos*]" = "iPhone Developer";
				CODE_SIGN_STYLE = Manual;
				CURRENT_PROJECT_VERSION = 1;
				DEVELOPMENT_ASSET_PATHS = "\"Lockscreen widgets/Preview Content\"";
				DEVELOPMENT_TEAM = "";
				"DEVELOPMENT_TEAM[sdk=iphoneos*]" = 8462WZWGH3;
				ENABLE_PREVIEWS = YES;
				GENERATE_INFOPLIST_FILE = YES;
				INFOPLIST_FILE = "Lockscreen-widgets-Info.plist";
				INFOPLIST_KEY_UIApplicationSceneManifest_Generation = YES;
				INFOPLIST_KEY_UIApplicationSupportsIndirectInputEvents = YES;
				INFOPLIST_KEY_UILaunchScreen_Generation = YES;
				INFOPLIST_KEY_UISupportedInterfaceOrientations_iPad = "UIInterfaceOrientationPortrait UIInterfaceOrientationPortraitUpsideDown UIInterfaceOrientationLandscapeLeft UIInterfaceOrientationLandscapeRight";
				INFOPLIST_KEY_UISupportedInterfaceOrientations_iPhone = "UIInterfaceOrientationPortrait UIInterfaceOrientationLandscapeLeft UIInterfaceOrientationLandscapeRight";
				LD_RUNPATH_SEARCH_PATHS = (
					"$(inherited)",
					"@executable_path/Frameworks",
				);
				MARKETING_VERSION = 1.0;
				PRODUCT_BUNDLE_IDENTIFIER = "com.tridhya.Lockscreen-widgets";
				PRODUCT_NAME = "$(TARGET_NAME)";
				PROVISIONING_PROFILE_SPECIFIER = "";
				"PROVISIONING_PROFILE_SPECIFIER[sdk=iphoneos*]" = Tridhya_WildCard_Provisioning_Profile;
				SWIFT_EMIT_LOC_STRINGS = YES;
				SWIFT_VERSION = 5.0;
				TARGETED_DEVICE_FAMILY = "1,2";
			};
			name = Debug;
		};
		52C69B8328DF165B0081931A /* Release */ = {
			isa = XCBuildConfiguration;
			buildSettings = {
				ALWAYS_EMBED_SWIFT_STANDARD_LIBRARIES = YES;
				ASSETCATALOG_COMPILER_APPICON_NAME = AppIcon;
				ASSETCATALOG_COMPILER_GLOBAL_ACCENT_COLOR_NAME = AccentColor;
				"CODE_SIGN_IDENTITY[sdk=iphoneos*]" = "iPhone Developer";
				CODE_SIGN_STYLE = Manual;
				CURRENT_PROJECT_VERSION = 1;
				DEVELOPMENT_ASSET_PATHS = "\"Lockscreen widgets/Preview Content\"";
				DEVELOPMENT_TEAM = "";
				"DEVELOPMENT_TEAM[sdk=iphoneos*]" = 8462WZWGH3;
				ENABLE_PREVIEWS = YES;
				GENERATE_INFOPLIST_FILE = YES;
				INFOPLIST_FILE = "Lockscreen-widgets-Info.plist";
				INFOPLIST_KEY_UIApplicationSceneManifest_Generation = YES;
				INFOPLIST_KEY_UIApplicationSupportsIndirectInputEvents = YES;
				INFOPLIST_KEY_UILaunchScreen_Generation = YES;
				INFOPLIST_KEY_UISupportedInterfaceOrientations_iPad = "UIInterfaceOrientationPortrait UIInterfaceOrientationPortraitUpsideDown UIInterfaceOrientationLandscapeLeft UIInterfaceOrientationLandscapeRight";
				INFOPLIST_KEY_UISupportedInterfaceOrientations_iPhone = "UIInterfaceOrientationPortrait UIInterfaceOrientationLandscapeLeft UIInterfaceOrientationLandscapeRight";
				LD_RUNPATH_SEARCH_PATHS = (
					"$(inherited)",
					"@executable_path/Frameworks",
				);
				MARKETING_VERSION = 1.0;
				PRODUCT_BUNDLE_IDENTIFIER = "com.tridhya.Lockscreen-widgets";
				PRODUCT_NAME = "$(TARGET_NAME)";
				PROVISIONING_PROFILE_SPECIFIER = "";
				"PROVISIONING_PROFILE_SPECIFIER[sdk=iphoneos*]" = Tridhya_WildCard_Provisioning_Profile;
				SWIFT_EMIT_LOC_STRINGS = YES;
				SWIFT_VERSION = 5.0;
				TARGETED_DEVICE_FAMILY = "1,2";
			};
			name = Release;
		};
		52C69B9828DF16AF0081931A /* Debug */ = {
			isa = XCBuildConfiguration;
			buildSettings = {
				ASSETCATALOG_COMPILER_GLOBAL_ACCENT_COLOR_NAME = AccentColor;
				ASSETCATALOG_COMPILER_WIDGET_BACKGROUND_COLOR_NAME = WidgetBackground;
				"CODE_SIGN_IDENTITY[sdk=iphoneos*]" = "iPhone Developer";
				CODE_SIGN_STYLE = Manual;
				CURRENT_PROJECT_VERSION = 1;
				DEVELOPMENT_TEAM = "";
				"DEVELOPMENT_TEAM[sdk=iphoneos*]" = 8462WZWGH3;
				GENERATE_INFOPLIST_FILE = YES;
				INFOPLIST_FILE = "Lockscreen Widgets/Info.plist";
				INFOPLIST_KEY_CFBundleDisplayName = "Lockscreen Widgets";
				INFOPLIST_KEY_NSHumanReadableCopyright = "";
				IPHONEOS_DEPLOYMENT_TARGET = 16.0;
				LD_RUNPATH_SEARCH_PATHS = (
					"$(inherited)",
					"@executable_path/Frameworks",
					"@executable_path/../../Frameworks",
				);
				MARKETING_VERSION = 1.0;
				PRODUCT_BUNDLE_IDENTIFIER = "com.tridhya.Lockscreen-widgets.Lockscreen-Widgets";
				PRODUCT_NAME = "$(TARGET_NAME)";
				PROVISIONING_PROFILE_SPECIFIER = "";
				"PROVISIONING_PROFILE_SPECIFIER[sdk=iphoneos*]" = Tridhya_WildCard_Provisioning_Profile;
				SKIP_INSTALL = YES;
				SWIFT_EMIT_LOC_STRINGS = YES;
				SWIFT_VERSION = 5.0;
				TARGETED_DEVICE_FAMILY = "1,2";
			};
			name = Debug;
		};
		52C69B9928DF16AF0081931A /* Release */ = {
			isa = XCBuildConfiguration;
			buildSettings = {
				ASSETCATALOG_COMPILER_GLOBAL_ACCENT_COLOR_NAME = AccentColor;
				ASSETCATALOG_COMPILER_WIDGET_BACKGROUND_COLOR_NAME = WidgetBackground;
				"CODE_SIGN_IDENTITY[sdk=iphoneos*]" = "iPhone Developer";
				CODE_SIGN_STYLE = Manual;
				CURRENT_PROJECT_VERSION = 1;
				DEVELOPMENT_TEAM = "";
				"DEVELOPMENT_TEAM[sdk=iphoneos*]" = 8462WZWGH3;
				GENERATE_INFOPLIST_FILE = YES;
				INFOPLIST_FILE = "Lockscreen Widgets/Info.plist";
				INFOPLIST_KEY_CFBundleDisplayName = "Lockscreen Widgets";
				INFOPLIST_KEY_NSHumanReadableCopyright = "";
				IPHONEOS_DEPLOYMENT_TARGET = 16.0;
				LD_RUNPATH_SEARCH_PATHS = (
					"$(inherited)",
					"@executable_path/Frameworks",
					"@executable_path/../../Frameworks",
				);
				MARKETING_VERSION = 1.0;
				PRODUCT_BUNDLE_IDENTIFIER = "com.tridhya.Lockscreen-widgets.Lockscreen-Widgets";
				PRODUCT_NAME = "$(TARGET_NAME)";
				PROVISIONING_PROFILE_SPECIFIER = "";
				"PROVISIONING_PROFILE_SPECIFIER[sdk=iphoneos*]" = Tridhya_WildCard_Provisioning_Profile;
				SKIP_INSTALL = YES;
				SWIFT_EMIT_LOC_STRINGS = YES;
				SWIFT_VERSION = 5.0;
				TARGETED_DEVICE_FAMILY = "1,2";
			};
			name = Release;
		};
/* End XCBuildConfiguration section */

/* Begin XCConfigurationList section */
		52C69B6E28DF16590081931A /* Build configuration list for PBXProject "Lockscreen widgets" */ = {
			isa = XCConfigurationList;
			buildConfigurations = (
				52C69B7F28DF165B0081931A /* Debug */,
				52C69B8028DF165B0081931A /* Release */,
			);
			defaultConfigurationIsVisible = 0;
			defaultConfigurationName = Release;
		};
		52C69B8128DF165B0081931A /* Build configuration list for PBXNativeTarget "Lockscreen widgets" */ = {
			isa = XCConfigurationList;
			buildConfigurations = (
				52C69B8228DF165B0081931A /* Debug */,
				52C69B8328DF165B0081931A /* Release */,
			);
			defaultConfigurationIsVisible = 0;
			defaultConfigurationName = Release;
		};
		52C69B9728DF16AF0081931A /* Build configuration list for PBXNativeTarget "Lockscreen WidgetsExtension" */ = {
			isa = XCConfigurationList;
			buildConfigurations = (
				52C69B9828DF16AF0081931A /* Debug */,
				52C69B9928DF16AF0081931A /* Release */,
			);
			defaultConfigurationIsVisible = 0;
			defaultConfigurationName = Release;
		};
/* End XCConfigurationList section */
	};
	rootObject = 52C69B6B28DF16590081931A /* Project object */;
}
